
Microsoft Visual Studio Solution File, Format Version 12.00
# Visual Studio Version 17
VisualStudioVersion = 17.6.33829.357
MinimumVisualStudioVersion = 10.0.40219.1
Project("{FAE04EC0-301F-11D3-BF4B-00C04F79EFBC}") = "StudentManagement", "StudentManagement.csproj", "{590DF343-922E-4F14-AB6D-AA7FAC6E3293}"
EndProject
Project("{FAE04EC0-301F-11D3-BF4B-00C04F79EFBC}") = "BOL", "..\BOL\BOL.csproj", "{99DF0DE4-E44E-4127-A0EB-CFB8B116AE37}"
EndProject
Project("{FAE04EC0-301F-11D3-BF4B-00C04F79EFBC}") = "DAL", "..\DAL\DAL.csproj", "{0BA09DB3-4DEA-412D-A98D-DE5A823341AD}"
EndProject
Global
	GlobalSection(SolutionConfigurationPlatforms) = preSolution
		Debug|Any CPU = Debug|Any CPU
		Release|Any CPU = Release|Any CPU
	EndGlobalSection
	GlobalSection(ProjectConfigurationPlatforms) = postSolution
		{590DF343-922E-4F14-AB6D-AA7FAC6E3293}.Debug|Any CPU.ActiveCfg = Debug|Any CPU
		{590DF343-922E-4F14-AB6D-AA7FAC6E3293}.Debug|Any CPU.Build.0 = Debug|Any CPU
		{590DF343-922E-4F14-AB6D-AA7FAC6E3293}.Release|Any CPU.ActiveCfg = Release|Any CPU
		{590DF343-922E-4F14-AB6D-AA7FAC6E3293}.Release|Any CPU.Build.0 = Release|Any CPU
		{99DF0DE4-E44E-4127-A0EB-CFB8B116AE37}.Debug|Any CPU.ActiveCfg = Debug|Any CPU
		{99DF0DE4-E44E-4127-A0EB-CFB8B116AE37}.Debug|Any CPU.Build.0 = Debug|Any CPU
		{99DF0DE4-E44E-4127-A0EB-CFB8B116AE37}.Release|Any CPU.ActiveCfg = Release|Any CPU
		{99DF0DE4-E44E-4127-A0EB-CFB8B116AE37}.Release|Any CPU.Build.0 = Release|Any CPU
		{0BA09DB3-4DEA-412D-A98D-DE5A823341AD}.Debug|Any CPU.ActiveCfg = Debug|Any CPU
		{0BA09DB3-4DEA-412D-A98D-DE5A823341AD}.Debug|Any CPU.Build.0 = Debug|Any CPU
		{0BA09DB3-4DEA-412D-A98D-DE5A823341AD}.Release|Any CPU.ActiveCfg = Release|Any CPU
		{0BA09DB3-4DEA-412D-A98D-DE5A823341AD}.Release|Any CPU.Build.0 = Release|Any CPU
	EndGlobalSection
	GlobalSection(SolutionProperties) = preSolution
		HideSolutionNode = FALSE
	EndGlobalSection
	GlobalSection(ExtensibilityGlobals) = postSolution
		SolutionGuid = {ABEC2310-3CEB-4977-870F-7FD382D783DD}
	EndGlobalSection
EndGlobal
