
Microsoft Visual Studio Solution File, Format Version 12.00
# Visual Studio Version 17
VisualStudioVersion = 17.6.33829.357
MinimumVisualStudioVersion = 10.0.40219.1
Project("{FAE04EC0-301F-11D3-BF4B-00C04F79EFBC}") = "practise", "practise.csproj", "{66D070F9-C77B-4D4C-B4AF-A06516A213B1}"
EndProject
Project("{FAE04EC0-301F-11D3-BF4B-00C04F79EFBC}") = "BOL1", "..\BOL1\BOL1.csproj", "{577F9593-776E-4AC4-B6C9-64BA704ACFD7}"
EndProject
Project("{FAE04EC0-301F-11D3-BF4B-00C04F79EFBC}") = "DAL1", "..\DAL1\DAL1.csproj", "{C3BF09C8-288C-4502-8CF0-04B899F7E62A}"
EndProject
Global
	GlobalSection(SolutionConfigurationPlatforms) = preSolution
		Debug|Any CPU = Debug|Any CPU
		Release|Any CPU = Release|Any CPU
	EndGlobalSection
	GlobalSection(ProjectConfigurationPlatforms) = postSolution
		{66D070F9-C77B-4D4C-B4AF-A06516A213B1}.Debug|Any CPU.ActiveCfg = Debug|Any CPU
		{66D070F9-C77B-4D4C-B4AF-A06516A213B1}.Debug|Any CPU.Build.0 = Debug|Any CPU
		{66D070F9-C77B-4D4C-B4AF-A06516A213B1}.Release|Any CPU.ActiveCfg = Release|Any CPU
		{66D070F9-C77B-4D4C-B4AF-A06516A213B1}.Release|Any CPU.Build.0 = Release|Any CPU
		{577F9593-776E-4AC4-B6C9-64BA704ACFD7}.Debug|Any CPU.ActiveCfg = Debug|Any CPU
		{577F9593-776E-4AC4-B6C9-64BA704ACFD7}.Debug|Any CPU.Build.0 = Debug|Any CPU
		{577F9593-776E-4AC4-B6C9-64BA704ACFD7}.Release|Any CPU.ActiveCfg = Release|Any CPU
		{577F9593-776E-4AC4-B6C9-64BA704ACFD7}.Release|Any CPU.Build.0 = Release|Any CPU
		{C3BF09C8-288C-4502-8CF0-04B899F7E62A}.Debug|Any CPU.ActiveCfg = Debug|Any CPU
		{C3BF09C8-288C-4502-8CF0-04B899F7E62A}.Debug|Any CPU.Build.0 = Debug|Any CPU
		{C3BF09C8-288C-4502-8CF0-04B899F7E62A}.Release|Any CPU.ActiveCfg = Release|Any CPU
		{C3BF09C8-288C-4502-8CF0-04B899F7E62A}.Release|Any CPU.Build.0 = Release|Any CPU
	EndGlobalSection
	GlobalSection(SolutionProperties) = preSolution
		HideSolutionNode = FALSE
	EndGlobalSection
	GlobalSection(ExtensibilityGlobals) = postSolution
		SolutionGuid = {36B28B5C-3598-4B40-A914-329BBD4ABF1B}
	EndGlobalSection
EndGlobal
